// !$*UTF8*$!
{
	archiveVersion = 1;
	classes = {
	};
	objectVersion = 48;
	objects = {

/* Begin PBXBuildFile section */
		38209F1A21313F1700E0806D /* AppDelegate.swift in Sources */ = {isa = PBXBuildFile; fileRef = 38209F1921313F1700E0806D /* AppDelegate.swift */; };
		38209F1C21313F1700E0806D /* ViewController.swift in Sources */ = {isa = PBXBuildFile; fileRef = 38209F1B21313F1700E0806D /* ViewController.swift */; };
		38209F1F21313F1700E0806D /* Main.storyboard in Resources */ = {isa = PBXBuildFile; fileRef = 38209F1D21313F1700E0806D /* Main.storyboard */; };
		38209F2121313F1700E0806D /* Assets.xcassets in Resources */ = {isa = PBXBuildFile; fileRef = 38209F2021313F1700E0806D /* Assets.xcassets */; };
		38209F2421313F1700E0806D /* LaunchScreen.storyboard in Resources */ = {isa = PBXBuildFile; fileRef = 38209F2221313F1700E0806D /* LaunchScreen.storyboard */; };
		38209F2C2131402800E0806D /* ObservableViewModel.swift in Sources */ = {isa = PBXBuildFile; fileRef = 38209F2B2131402800E0806D /* ObservableViewModel.swift */; };
		38209F3721314D4500E0806D /* ObservableViewController.swift in Sources */ = {isa = PBXBuildFile; fileRef = 38209F3521314D4500E0806D /* ObservableViewController.swift */; };
		38209F3C2131512200E0806D /* ObservableViewController.storyboard in Resources */ = {isa = PBXBuildFile; fileRef = 38209F3B2131512200E0806D /* ObservableViewController.storyboard */; };
		38C011C221318CDB0061ABE2 /* CoverView.swift in Sources */ = {isa = PBXBuildFile; fileRef = 38C011C121318CDB0061ABE2 /* CoverView.swift */; };
		38C011C621325C900061ABE2 /* CoverView.xib in Resources */ = {isa = PBXBuildFile; fileRef = 38C011C521318D0A0061ABE2 /* CoverView.xib */; };
		38F7A64C213289B70024897B /* ImageViewController.swift in Sources */ = {isa = PBXBuildFile; fileRef = 38F7A64B213289B70024897B /* ImageViewController.swift */; };
		38F7A64E213289C10024897B /* Image.storyboard in Resources */ = {isa = PBXBuildFile; fileRef = 38F7A64D213289C10024897B /* Image.storyboard */; };
		38F7A650213289CF0024897B /* ImageViewModel.swift in Sources */ = {isa = PBXBuildFile; fileRef = 38F7A64F213289CF0024897B /* ImageViewModel.swift */; };
		38F7A65221328A780024897B /* ImageUsecase.swift in Sources */ = {isa = PBXBuildFile; fileRef = 38F7A65121328A780024897B /* ImageUsecase.swift */; };
		38F7A65421328A840024897B /* ImageRepository.swift in Sources */ = {isa = PBXBuildFile; fileRef = 38F7A65321328A840024897B /* ImageRepository.swift */; };
		38F7A657213293DF0024897B /* ImageEntity.swift in Sources */ = {isa = PBXBuildFile; fileRef = 38F7A656213293DF0024897B /* ImageEntity.swift */; };
		38F7A659213293F60024897B /* ImageModel.swift in Sources */ = {isa = PBXBuildFile; fileRef = 38F7A658213293F60024897B /* ImageModel.swift */; };
		38F7A65B2132941A0024897B /* ImageTranslater.swift in Sources */ = {isa = PBXBuildFile; fileRef = 38F7A65A2132941A0024897B /* ImageTranslater.swift */; };
		38F7A6612132B2D60024897B /* ApiClient.swift in Sources */ = {isa = PBXBuildFile; fileRef = 38F7A6602132B2D60024897B /* ApiClient.swift */; };
		38F7A6632132B37F0024897B /* ImageDataStore.swift in Sources */ = {isa = PBXBuildFile; fileRef = 38F7A6622132B37F0024897B /* ImageDataStore.swift */; };
		47DD5134030CE6438936D212 /* Pods_ios_rxswift_operators.framework in Frameworks */ = {isa = PBXBuildFile; fileRef = 2723D1E0AECAC783556F74CA /* Pods_ios_rxswift_operators.framework */; };
/* End PBXBuildFile section */

/* Begin PBXFileReference section */
		2723D1E0AECAC783556F74CA /* Pods_ios_rxswift_operators.framework */ = {isa = PBXFileReference; explicitFileType = wrapper.framework; includeInIndex = 0; path = Pods_ios_rxswift_operators.framework; sourceTree = BUILT_PRODUCTS_DIR; };
		38209F1621313F1700E0806D /* ios-rxswift-operators.app */ = {isa = PBXFileReference; explicitFileType = wrapper.application; includeInIndex = 0; path = "ios-rxswift-operators.app"; sourceTree = BUILT_PRODUCTS_DIR; };
		38209F1921313F1700E0806D /* AppDelegate.swift */ = {isa = PBXFileReference; lastKnownFileType = sourcecode.swift; path = AppDelegate.swift; sourceTree = "<group>"; };
		38209F1B21313F1700E0806D /* ViewController.swift */ = {isa = PBXFileReference; lastKnownFileType = sourcecode.swift; path = ViewController.swift; sourceTree = "<group>"; };
		38209F1E21313F1700E0806D /* Base */ = {isa = PBXFileReference; lastKnownFileType = file.storyboard; name = Base; path = Base.lproj/Main.storyboard; sourceTree = "<group>"; };
		38209F2021313F1700E0806D /* Assets.xcassets */ = {isa = PBXFileReference; lastKnownFileType = folder.assetcatalog; path = Assets.xcassets; sourceTree = "<group>"; };
		38209F2321313F1700E0806D /* Base */ = {isa = PBXFileReference; lastKnownFileType = file.storyboard; name = Base; path = Base.lproj/LaunchScreen.storyboard; sourceTree = "<group>"; };
		38209F2521313F1700E0806D /* Info.plist */ = {isa = PBXFileReference; lastKnownFileType = text.plist.xml; path = Info.plist; sourceTree = "<group>"; };
		38209F2B2131402800E0806D /* ObservableViewModel.swift */ = {isa = PBXFileReference; lastKnownFileType = sourcecode.swift; path = ObservableViewModel.swift; sourceTree = "<group>"; };
		38209F3521314D4500E0806D /* ObservableViewController.swift */ = {isa = PBXFileReference; lastKnownFileType = sourcecode.swift; path = ObservableViewController.swift; sourceTree = "<group>"; };
		38209F3B2131512200E0806D /* ObservableViewController.storyboard */ = {isa = PBXFileReference; lastKnownFileType = file.storyboard; path = ObservableViewController.storyboard; sourceTree = "<group>"; };
		38C011C121318CDB0061ABE2 /* CoverView.swift */ = {isa = PBXFileReference; lastKnownFileType = sourcecode.swift; path = CoverView.swift; sourceTree = "<group>"; };
		38C011C521318D0A0061ABE2 /* CoverView.xib */ = {isa = PBXFileReference; lastKnownFileType = file.xib; name = CoverView.xib; path = "/Users/mana/myproject/swiftNote/RxSwift/ios-rxswift-operators/ios-rxswift-operators/Observable/CoverView.xib"; sourceTree = "<absolute>"; };
		38F7A64B213289B70024897B /* ImageViewController.swift */ = {isa = PBXFileReference; lastKnownFileType = sourcecode.swift; path = ImageViewController.swift; sourceTree = "<group>"; };
		38F7A64D213289C10024897B /* Image.storyboard */ = {isa = PBXFileReference; lastKnownFileType = file.storyboard; path = Image.storyboard; sourceTree = "<group>"; };
		38F7A64F213289CF0024897B /* ImageViewModel.swift */ = {isa = PBXFileReference; lastKnownFileType = sourcecode.swift; path = ImageViewModel.swift; sourceTree = "<group>"; };
		38F7A65121328A780024897B /* ImageUsecase.swift */ = {isa = PBXFileReference; lastKnownFileType = sourcecode.swift; path = ImageUsecase.swift; sourceTree = "<group>"; };
		38F7A65321328A840024897B /* ImageRepository.swift */ = {isa = PBXFileReference; lastKnownFileType = sourcecode.swift; path = ImageRepository.swift; sourceTree = "<group>"; };
		38F7A656213293DF0024897B /* ImageEntity.swift */ = {isa = PBXFileReference; lastKnownFileType = sourcecode.swift; path = ImageEntity.swift; sourceTree = "<group>"; };
		38F7A658213293F60024897B /* ImageModel.swift */ = {isa = PBXFileReference; lastKnownFileType = sourcecode.swift; path = ImageModel.swift; sourceTree = "<group>"; };
		38F7A65A2132941A0024897B /* ImageTranslater.swift */ = {isa = PBXFileReference; lastKnownFileType = sourcecode.swift; path = ImageTranslater.swift; sourceTree = "<group>"; };
		38F7A6602132B2D60024897B /* ApiClient.swift */ = {isa = PBXFileReference; lastKnownFileType = sourcecode.swift; path = ApiClient.swift; sourceTree = "<group>"; };
		38F7A6622132B37F0024897B /* ImageDataStore.swift */ = {isa = PBXFileReference; lastKnownFileType = sourcecode.swift; path = ImageDataStore.swift; sourceTree = "<group>"; };
		C0BAEA4737178217040056A9 /* Pods-ios-rxswift-operators.release.xcconfig */ = {isa = PBXFileReference; includeInIndex = 1; lastKnownFileType = text.xcconfig; name = "Pods-ios-rxswift-operators.release.xcconfig"; path = "Pods/Target Support Files/Pods-ios-rxswift-operators/Pods-ios-rxswift-operators.release.xcconfig"; sourceTree = "<group>"; };
		E7E74171C822DB3BE4940EDE /* Pods-ios-rxswift-operators.debug.xcconfig */ = {isa = PBXFileReference; includeInIndex = 1; lastKnownFileType = text.xcconfig; name = "Pods-ios-rxswift-operators.debug.xcconfig"; path = "Pods/Target Support Files/Pods-ios-rxswift-operators/Pods-ios-rxswift-operators.debug.xcconfig"; sourceTree = "<group>"; };
/* End PBXFileReference section */

/* Begin PBXFrameworksBuildPhase section */
		38209F1321313F1700E0806D /* Frameworks */ = {
			isa = PBXFrameworksBuildPhase;
			buildActionMask = 2147483647;
			files = (
				47DD5134030CE6438936D212 /* Pods_ios_rxswift_operators.framework in Frameworks */,
			);
			runOnlyForDeploymentPostprocessing = 0;
		};
/* End PBXFrameworksBuildPhase section */

/* Begin PBXGroup section */
		38209F0D21313F1700E0806D = {
			isa = PBXGroup;
			children = (
				38209F1821313F1700E0806D /* ios-rxswift-operators */,
				38209F1721313F1700E0806D /* Products */,
				3E1500179B1C7C897850E69E /* Pods */,
				97F54051D09787F6160D74D6 /* Frameworks */,
			);
			sourceTree = "<group>";
		};
		38209F1721313F1700E0806D /* Products */ = {
			isa = PBXGroup;
			children = (
				38209F1621313F1700E0806D /* ios-rxswift-operators.app */,
			);
			name = Products;
			sourceTree = "<group>";
		};
		38209F1821313F1700E0806D /* ios-rxswift-operators */ = {
			isa = PBXGroup;
			children = (
				38F7A64A213289580024897B /* Image */,
				38209F3A21314D7D00E0806D /* Main */,
				38209F3921314D6000E0806D /* Observable */,
				38209F1921313F1700E0806D /* AppDelegate.swift */,
				38209F2021313F1700E0806D /* Assets.xcassets */,
				38209F2221313F1700E0806D /* LaunchScreen.storyboard */,
				38209F2521313F1700E0806D /* Info.plist */,
			);
			path = "ios-rxswift-operators";
			sourceTree = "<group>";
		};
		38209F3921314D6000E0806D /* Observable */ = {
			isa = PBXGroup;
			children = (
				38209F3521314D4500E0806D /* ObservableViewController.swift */,
				38209F2B2131402800E0806D /* ObservableViewModel.swift */,
				38209F3B2131512200E0806D /* ObservableViewController.storyboard */,
				38C011C121318CDB0061ABE2 /* CoverView.swift */,
				38C011C521318D0A0061ABE2 /* CoverView.xib */,
			);
			path = Observable;
			sourceTree = "<group>";
		};
		38209F3A21314D7D00E0806D /* Main */ = {
			isa = PBXGroup;
			children = (
				38209F1B21313F1700E0806D /* ViewController.swift */,
				38209F1D21313F1700E0806D /* Main.storyboard */,
			);
			path = Main;
			sourceTree = "<group>";
		};
		38F7A64A213289580024897B /* Image */ = {
			isa = PBXGroup;
			children = (
				38F7A65E213294400024897B /* Data */,
				38F7A65D213294390024897B /* Domain */,
				38F7A65C2132942B0024897B /* Presentation */,
				38F7A6602132B2D60024897B /* ApiClient.swift */,
			);
			path = Image;
			sourceTree = "<group>";
		};
		38F7A65C2132942B0024897B /* Presentation */ = {
			isa = PBXGroup;
			children = (
				38F7A64F213289CF0024897B /* ImageViewModel.swift */,
				38F7A64B213289B70024897B /* ImageViewController.swift */,
				38F7A64D213289C10024897B /* Image.storyboard */,
			);
			path = Presentation;
			sourceTree = "<group>";
		};
		38F7A65D213294390024897B /* Domain */ = {
			isa = PBXGroup;
			children = (
				38F7A65121328A780024897B /* ImageUsecase.swift */,
				38F7A65A2132941A0024897B /* ImageTranslater.swift */,
				38F7A658213293F60024897B /* ImageModel.swift */,
			);
			path = Domain;
			sourceTree = "<group>";
		};
		38F7A65E213294400024897B /* Data */ = {
			isa = PBXGroup;
			children = (
				38F7A656213293DF0024897B /* ImageEntity.swift */,
				38F7A65321328A840024897B /* ImageRepository.swift */,
				38F7A6622132B37F0024897B /* ImageDataStore.swift */,
			);
			path = Data;
			sourceTree = "<group>";
		};
		3E1500179B1C7C897850E69E /* Pods */ = {
			isa = PBXGroup;
			children = (
				E7E74171C822DB3BE4940EDE /* Pods-ios-rxswift-operators.debug.xcconfig */,
				C0BAEA4737178217040056A9 /* Pods-ios-rxswift-operators.release.xcconfig */,
			);
			name = Pods;
			sourceTree = "<group>";
		};
		97F54051D09787F6160D74D6 /* Frameworks */ = {
			isa = PBXGroup;
			children = (
				2723D1E0AECAC783556F74CA /* Pods_ios_rxswift_operators.framework */,
			);
			name = Frameworks;
			sourceTree = "<group>";
		};
/* End PBXGroup section */

/* Begin PBXNativeTarget section */
		38209F1521313F1700E0806D /* ios-rxswift-operators */ = {
			isa = PBXNativeTarget;
			buildConfigurationList = 38209F2821313F1700E0806D /* Build configuration list for PBXNativeTarget "ios-rxswift-operators" */;
			buildPhases = (
				7C8B8C6CB6CCA9FAAA75C208 /* [CP] Check Pods Manifest.lock */,
				38209F1221313F1700E0806D /* Sources */,
				38209F1321313F1700E0806D /* Frameworks */,
				38209F1421313F1700E0806D /* Resources */,
				900A3A372B9635269E9EA9DC /* [CP] Embed Pods Frameworks */,
				95E6D83229BAE440B6C95C55 /* [CP] Copy Pods Resources */,
			);
			buildRules = (
			);
			dependencies = (
			);
			name = "ios-rxswift-operators";
			productName = "ios-rxswift-operators";
			productReference = 38209F1621313F1700E0806D /* ios-rxswift-operators.app */;
			productType = "com.apple.product-type.application";
		};
/* End PBXNativeTarget section */

/* Begin PBXProject section */
		38209F0E21313F1700E0806D /* Project object */ = {
			isa = PBXProject;
			attributes = {
				LastSwiftUpdateCheck = 0920;
				LastUpgradeCheck = 0920;
				ORGANIZATIONNAME = "Manami Ichikawa";
				TargetAttributes = {
					38209F1521313F1700E0806D = {
						CreatedOnToolsVersion = 9.2;
						ProvisioningStyle = Automatic;
					};
				};
			};
			buildConfigurationList = 38209F1121313F1700E0806D /* Build configuration list for PBXProject "ios-rxswift-operators" */;
			compatibilityVersion = "Xcode 8.0";
			developmentRegion = en;
			hasScannedForEncodings = 0;
			knownRegions = (
				en,
				Base,
			);
			mainGroup = 38209F0D21313F1700E0806D;
			productRefGroup = 38209F1721313F1700E0806D /* Products */;
			projectDirPath = "";
			projectRoot = "";
			targets = (
				38209F1521313F1700E0806D /* ios-rxswift-operators */,
			);
		};
/* End PBXProject section */

/* Begin PBXResourcesBuildPhase section */
		38209F1421313F1700E0806D /* Resources */ = {
			isa = PBXResourcesBuildPhase;
			buildActionMask = 2147483647;
			files = (
				38209F2421313F1700E0806D /* LaunchScreen.storyboard in Resources */,
				38209F2121313F1700E0806D /* Assets.xcassets in Resources */,
				38F7A64E213289C10024897B /* Image.storyboard in Resources */,
				38209F3C2131512200E0806D /* ObservableViewController.storyboard in Resources */,
				38C011C621325C900061ABE2 /* CoverView.xib in Resources */,
				38209F1F21313F1700E0806D /* Main.storyboard in Resources */,
			);
			runOnlyForDeploymentPostprocessing = 0;
		};
/* End PBXResourcesBuildPhase section */

/* Begin PBXShellScriptBuildPhase section */
		7C8B8C6CB6CCA9FAAA75C208 /* [CP] Check Pods Manifest.lock */ = {
			isa = PBXShellScriptBuildPhase;
			buildActionMask = 2147483647;
			files = (
			);
			inputPaths = (
				"${PODS_PODFILE_DIR_PATH}/Podfile.lock",
				"${PODS_ROOT}/Manifest.lock",
			);
			name = "[CP] Check Pods Manifest.lock";
			outputPaths = (
				"$(DERIVED_FILE_DIR)/Pods-ios-rxswift-operators-checkManifestLockResult.txt",
			);
			runOnlyForDeploymentPostprocessing = 0;
			shellPath = /bin/sh;
			shellScript = "diff \"${PODS_PODFILE_DIR_PATH}/Podfile.lock\" \"${PODS_ROOT}/Manifest.lock\" > /dev/null\nif [ $? != 0 ] ; then\n    # print error to STDERR\n    echo \"error: The sandbox is not in sync with the Podfile.lock. Run 'pod install' or update your CocoaPods installation.\" >&2\n    exit 1\nfi\n# This output is used by Xcode 'outputs' to avoid re-running this script phase.\necho \"SUCCESS\" > \"${SCRIPT_OUTPUT_FILE_0}\"\n";
			showEnvVarsInLog = 0;
		};
		900A3A372B9635269E9EA9DC /* [CP] Embed Pods Frameworks */ = {
			isa = PBXShellScriptBuildPhase;
			buildActionMask = 2147483647;
			files = (
			);
			inputPaths = (
				"${SRCROOT}/Pods/Target Support Files/Pods-ios-rxswift-operators/Pods-ios-rxswift-operators-frameworks.sh",
				"${BUILT_PRODUCTS_DIR}/RxCocoa/RxCocoa.framework",
				"${BUILT_PRODUCTS_DIR}/RxSwift/RxSwift.framework",
				"${BUILT_PRODUCTS_DIR}/SlideMenuControllerSwift/SlideMenuControllerSwift.framework",
				"${BUILT_PRODUCTS_DIR}/SwiftyJSON/SwiftyJSON.framework",
			);
			name = "[CP] Embed Pods Frameworks";
			outputPaths = (
				"${TARGET_BUILD_DIR}/${FRAMEWORKS_FOLDER_PATH}/RxCocoa.framework",
				"${TARGET_BUILD_DIR}/${FRAMEWORKS_FOLDER_PATH}/RxSwift.framework",
				"${TARGET_BUILD_DIR}/${FRAMEWORKS_FOLDER_PATH}/SlideMenuControllerSwift.framework",
				"${TARGET_BUILD_DIR}/${FRAMEWORKS_FOLDER_PATH}/SwiftyJSON.framework",
			);
			runOnlyForDeploymentPostprocessing = 0;
			shellPath = /bin/sh;
			shellScript = "\"${SRCROOT}/Pods/Target Support Files/Pods-ios-rxswift-operators/Pods-ios-rxswift-operators-frameworks.sh\"\n";
			showEnvVarsInLog = 0;
		};
		95E6D83229BAE440B6C95C55 /* [CP] Copy Pods Resources */ = {
			isa = PBXShellScriptBuildPhase;
			buildActionMask = 2147483647;
			files = (
			);
			inputPaths = (
			);
			name = "[CP] Copy Pods Resources";
			outputPaths = (
			);
			runOnlyForDeploymentPostprocessing = 0;
			shellPath = /bin/sh;
			shellScript = "\"${SRCROOT}/Pods/Target Support Files/Pods-ios-rxswift-operators/Pods-ios-rxswift-operators-resources.sh\"\n";
			showEnvVarsInLog = 0;
		};
/* End PBXShellScriptBuildPhase section */

/* Begin PBXSourcesBuildPhase section */
		38209F1221313F1700E0806D /* Sources */ = {
			isa = PBXSourcesBuildPhase;
			buildActionMask = 2147483647;
			files = (
				38F7A659213293F60024897B /* ImageModel.swift in Sources */,
				38F7A650213289CF0024897B /* ImageViewModel.swift in Sources */,
				38F7A65221328A780024897B /* ImageUsecase.swift in Sources */,
				38F7A65B2132941A0024897B /* ImageTranslater.swift in Sources */,
				38209F1C21313F1700E0806D /* ViewController.swift in Sources */,
				38C011C221318CDB0061ABE2 /* CoverView.swift in Sources */,
				38209F2C2131402800E0806D /* ObservableViewModel.swift in Sources */,
				38F7A6632132B37F0024897B /* ImageDataStore.swift in Sources */,
				38209F1A21313F1700E0806D /* AppDelegate.swift in Sources */,
				38F7A6612132B2D60024897B /* ApiClient.swift in Sources */,
				38F7A64C213289B70024897B /* ImageViewController.swift in Sources */,
				38F7A65421328A840024897B /* ImageRepository.swift in Sources */,
				38F7A657213293DF0024897B /* ImageEntity.swift in Sources */,
				38209F3721314D4500E0806D /* ObservableViewController.swift in Sources */,
			);
			runOnlyForDeploymentPostprocessing = 0;
		};
/* End PBXSourcesBuildPhase section */

/* Begin PBXVariantGroup section */
		38209F1D21313F1700E0806D /* Main.storyboard */ = {
			isa = PBXVariantGroup;
			children = (
				38209F1E21313F1700E0806D /* Base */,
			);
			name = Main.storyboard;
			sourceTree = "<group>";
		};
		38209F2221313F1700E0806D /* LaunchScreen.storyboard */ = {
			isa = PBXVariantGroup;
			children = (
				38209F2321313F1700E0806D /* Base */,
			);
			name = LaunchScreen.storyboard;
			sourceTree = "<group>";
		};
/* End PBXVariantGroup section */

/* Begin XCBuildConfiguration section */
		38209F2621313F1700E0806D /* Debug */ = {
			isa = XCBuildConfiguration;
			buildSettings = {
				ALWAYS_SEARCH_USER_PATHS = NO;
				CLANG_ANALYZER_NONNULL = YES;
				CLANG_ANALYZER_NUMBER_OBJECT_CONVERSION = YES_AGGRESSIVE;
				CLANG_CXX_LANGUAGE_STANDARD = "gnu++14";
				CLANG_CXX_LIBRARY = "libc++";
				CLANG_ENABLE_MODULES = YES;
				CLANG_ENABLE_OBJC_ARC = YES;
				CLANG_WARN_BLOCK_CAPTURE_AUTORELEASING = YES;
				CLANG_WARN_BOOL_CONVERSION = YES;
				CLANG_WARN_COMMA = YES;
				CLANG_WARN_CONSTANT_CONVERSION = YES;
				CLANG_WARN_DIRECT_OBJC_ISA_USAGE = YES_ERROR;
				CLANG_WARN_DOCUMENTATION_COMMENTS = YES;
				CLANG_WARN_EMPTY_BODY = YES;
				CLANG_WARN_ENUM_CONVERSION = YES;
				CLANG_WARN_INFINITE_RECURSION = YES;
				CLANG_WARN_INT_CONVERSION = YES;
				CLANG_WARN_NON_LITERAL_NULL_CONVERSION = YES;
				CLANG_WARN_OBJC_LITERAL_CONVERSION = YES;
				CLANG_WARN_OBJC_ROOT_CLASS = YES_ERROR;
				CLANG_WARN_RANGE_LOOP_ANALYSIS = YES;
				CLANG_WARN_STRICT_PROTOTYPES = YES;
				CLANG_WARN_SUSPICIOUS_MOVE = YES;
				CLANG_WARN_UNGUARDED_AVAILABILITY = YES_AGGRESSIVE;
				CLANG_WARN_UNREACHABLE_CODE = YES;
				CLANG_WARN__DUPLICATE_METHOD_MATCH = YES;
				CODE_SIGN_IDENTITY = "iPhone Developer";
				COPY_PHASE_STRIP = NO;
				DEBUG_INFORMATION_FORMAT = dwarf;
				ENABLE_STRICT_OBJC_MSGSEND = YES;
				ENABLE_TESTABILITY = YES;
				GCC_C_LANGUAGE_STANDARD = gnu11;
				GCC_DYNAMIC_NO_PIC = NO;
				GCC_NO_COMMON_BLOCKS = YES;
				GCC_OPTIMIZATION_LEVEL = 0;
				GCC_PREPROCESSOR_DEFINITIONS = (
					"DEBUG=1",
					"$(inherited)",
				);
				GCC_WARN_64_TO_32_BIT_CONVERSION = YES;
				GCC_WARN_ABOUT_RETURN_TYPE = YES_ERROR;
				GCC_WARN_UNDECLARED_SELECTOR = YES;
				GCC_WARN_UNINITIALIZED_AUTOS = YES_AGGRESSIVE;
				GCC_WARN_UNUSED_FUNCTION = YES;
				GCC_WARN_UNUSED_VARIABLE = YES;
				IPHONEOS_DEPLOYMENT_TARGET = 11.2;
				MTL_ENABLE_DEBUG_INFO = YES;
				ONLY_ACTIVE_ARCH = YES;
				SDKROOT = iphoneos;
				SWIFT_ACTIVE_COMPILATION_CONDITIONS = DEBUG;
				SWIFT_OPTIMIZATION_LEVEL = "-Onone";
			};
			name = Debug;
		};
		38209F2721313F1700E0806D /* Release */ = {
			isa = XCBuildConfiguration;
			buildSettings = {
				ALWAYS_SEARCH_USER_PATHS = NO;
				CLANG_ANALYZER_NONNULL = YES;
				CLANG_ANALYZER_NUMBER_OBJECT_CONVERSION = YES_AGGRESSIVE;
				CLANG_CXX_LANGUAGE_STANDARD = "gnu++14";
				CLANG_CXX_LIBRARY = "libc++";
				CLANG_ENABLE_MODULES = YES;
				CLANG_ENABLE_OBJC_ARC = YES;
				CLANG_WARN_BLOCK_CAPTURE_AUTORELEASING = YES;
				CLANG_WARN_BOOL_CONVERSION = YES;
				CLANG_WARN_COMMA = YES;
				CLANG_WARN_CONSTANT_CONVERSION = YES;
				CLANG_WARN_DIRECT_OBJC_ISA_USAGE = YES_ERROR;
				CLANG_WARN_DOCUMENTATION_COMMENTS = YES;
				CLANG_WARN_EMPTY_BODY = YES;
				CLANG_WARN_ENUM_CONVERSION = YES;
				CLANG_WARN_INFINITE_RECURSION = YES;
				CLANG_WARN_INT_CONVERSION = YES;
				CLANG_WARN_NON_LITERAL_NULL_CONVERSION = YES;
				CLANG_WARN_OBJC_LITERAL_CONVERSION = YES;
				CLANG_WARN_OBJC_ROOT_CLASS = YES_ERROR;
				CLANG_WARN_RANGE_LOOP_ANALYSIS = YES;
				CLANG_WARN_STRICT_PROTOTYPES = YES;
				CLANG_WARN_SUSPICIOUS_MOVE = YES;
				CLANG_WARN_UNGUARDED_AVAILABILITY = YES_AGGRESSIVE;
				CLANG_WARN_UNREACHABLE_CODE = YES;
				CLANG_WARN__DUPLICATE_METHOD_MATCH = YES;
				CODE_SIGN_IDENTITY = "iPhone Developer";
				COPY_PHASE_STRIP = NO;
				DEBUG_INFORMATION_FORMAT = "dwarf-with-dsym";
				ENABLE_NS_ASSERTIONS = NO;
				ENABLE_STRICT_OBJC_MSGSEND = YES;
				GCC_C_LANGUAGE_STANDARD = gnu11;
				GCC_NO_COMMON_BLOCKS = YES;
				GCC_WARN_64_TO_32_BIT_CONVERSION = YES;
				GCC_WARN_ABOUT_RETURN_TYPE = YES_ERROR;
				GCC_WARN_UNDECLARED_SELECTOR = YES;
				GCC_WARN_UNINITIALIZED_AUTOS = YES_AGGRESSIVE;
				GCC_WARN_UNUSED_FUNCTION = YES;
				GCC_WARN_UNUSED_VARIABLE = YES;
				IPHONEOS_DEPLOYMENT_TARGET = 11.2;
				MTL_ENABLE_DEBUG_INFO = NO;
				SDKROOT = iphoneos;
				SWIFT_OPTIMIZATION_LEVEL = "-Owholemodule";
				VALIDATE_PRODUCT = YES;
			};
			name = Release;
		};
		38209F2921313F1700E0806D /* Debug */ = {
			isa = XCBuildConfiguration;
			baseConfigurationReference = E7E74171C822DB3BE4940EDE /* Pods-ios-rxswift-operators.debug.xcconfig */;
			buildSettings = {
				ASSETCATALOG_COMPILER_APPICON_NAME = AppIcon;
				CODE_SIGN_STYLE = Automatic;
				INFOPLIST_FILE = "ios-rxswift-operators/Info.plist";
				LD_RUNPATH_SEARCH_PATHS = "$(inherited) @executable_path/Frameworks";
				PRODUCT_BUNDLE_IDENTIFIER = "edu.myself.ios-rxswift-operators";
				PRODUCT_NAME = "$(TARGET_NAME)";
				SWIFT_VERSION = 4.0;
				TARGETED_DEVICE_FAMILY = "1,2";
			};
			name = Debug;
		};
		38209F2A21313F1700E0806D /* Release */ = {
			isa = XCBuildConfiguration;
			baseConfigurationReference = C0BAEA4737178217040056A9 /* Pods-ios-rxswift-operators.release.xcconfig */;
			buildSettings = {
				ASSETCATALOG_COMPILER_APPICON_NAME = AppIcon;
				CODE_SIGN_STYLE = Automatic;
				INFOPLIST_FILE = "ios-rxswift-operators/Info.plist";
				LD_RUNPATH_SEARCH_PATHS = "$(inherited) @executable_path/Frameworks";
				PRODUCT_BUNDLE_IDENTIFIER = "edu.myself.ios-rxswift-operators";
				PRODUCT_NAME = "$(TARGET_NAME)";
				SWIFT_VERSION = 4.0;
				TARGETED_DEVICE_FAMILY = "1,2";
			};
			name = Release;
		};
/* End XCBuildConfiguration section */

/* Begin XCConfigurationList section */
		38209F1121313F1700E0806D /* Build configuration list for PBXProject "ios-rxswift-operators" */ = {
			isa = XCConfigurationList;
			buildConfigurations = (
				38209F2621313F1700E0806D /* Debug */,
				38209F2721313F1700E0806D /* Release */,
			);
			defaultConfigurationIsVisible = 0;
			defaultConfigurationName = Release;
		};
		38209F2821313F1700E0806D /* Build configuration list for PBXNativeTarget "ios-rxswift-operators" */ = {
			isa = XCConfigurationList;
			buildConfigurations = (
				38209F2921313F1700E0806D /* Debug */,
				38209F2A21313F1700E0806D /* Release */,
			);
			defaultConfigurationIsVisible = 0;
			defaultConfigurationName = Release;
		};
/* End XCConfigurationList section */
	};
	rootObject = 38209F0E21313F1700E0806D /* Project object */;
}
